// !$*UTF8*$!
{
	archiveVersion = 1;
	classes = {
	};
	objectVersion = 48;
	objects = {

/* Begin PBXBuildFile section */
		659DC90D625B7BEBD8467C17 /* libPods-JSNativeDemo.a in Frameworks */ = {isa = PBXBuildFile; fileRef = 3712A86ADFB85186A62A0493 /* libPods-JSNativeDemo.a */; };
		9D52E9D2204E7BAB00FBBFFD /* AppDelegate.m in Sources */ = {isa = PBXBuildFile; fileRef = 9D52E9D1204E7BAB00FBBFFD /* AppDelegate.m */; };
		9D52E9D5204E7BAB00FBBFFD /* ViewController.m in Sources */ = {isa = PBXBuildFile; fileRef = 9D52E9D4204E7BAB00FBBFFD /* ViewController.m */; };
		9D52E9D8204E7BAC00FBBFFD /* Main.storyboard in Resources */ = {isa = PBXBuildFile; fileRef = 9D52E9D6204E7BAC00FBBFFD /* Main.storyboard */; };
		9D52E9DA204E7BAC00FBBFFD /* Assets.xcassets in Resources */ = {isa = PBXBuildFile; fileRef = 9D52E9D9204E7BAC00FBBFFD /* Assets.xcassets */; };
		9D52E9DD204E7BAC00FBBFFD /* LaunchScreen.storyboard in Resources */ = {isa = PBXBuildFile; fileRef = 9D52E9DB204E7BAC00FBBFFD /* LaunchScreen.storyboard */; };
		9D52E9E0204E7BAD00FBBFFD /* main.m in Sources */ = {isa = PBXBuildFile; fileRef = 9D52E9DF204E7BAD00FBBFFD /* main.m */; };
		9D52E9EA204E7BAD00FBBFFD /* JSNativeDemoTests.m in Sources */ = {isa = PBXBuildFile; fileRef = 9D52E9E9204E7BAD00FBBFFD /* JSNativeDemoTests.m */; };
		9D52E9F5204E7BAE00FBBFFD /* JSNativeDemoUITests.m in Sources */ = {isa = PBXBuildFile; fileRef = 9D52E9F4204E7BAE00FBBFFD /* JSNativeDemoUITests.m */; };
		9D52EA05204E927400FBBFFD /* index.js in Resources */ = {isa = PBXBuildFile; fileRef = 9D52EA04204E927400FBBFFD /* index.js */; };
		9D52EA08204E982D00FBBFFD /* Person.m in Sources */ = {isa = PBXBuildFile; fileRef = 9D52EA07204E982D00FBBFFD /* Person.m */; };
		9D52EA12204EA7A900FBBFFD /* NativeCallJSModule.m in Sources */ = {isa = PBXBuildFile; fileRef = 9D52EA0E204EA7A900FBBFFD /* NativeCallJSModule.m */; };
		9D52EA13204EA7A900FBBFFD /* JSCallNativeModule.m in Sources */ = {isa = PBXBuildFile; fileRef = 9D52EA11204EA7A900FBBFFD /* JSCallNativeModule.m */; };
/* End PBXBuildFile section */

/* Begin PBXContainerItemProxy section */
		9D52E9E6204E7BAD00FBBFFD /* PBXContainerItemProxy */ = {
			isa = PBXContainerItemProxy;
			containerPortal = 9D52E9C5204E7BAB00FBBFFD /* Project object */;
			proxyType = 1;
			remoteGlobalIDString = 9D52E9CC204E7BAB00FBBFFD;
			remoteInfo = JSNativeDemo;
		};
		9D52E9F1204E7BAE00FBBFFD /* PBXContainerItemProxy */ = {
			isa = PBXContainerItemProxy;
			containerPortal = 9D52E9C5204E7BAB00FBBFFD /* Project object */;
			proxyType = 1;
			remoteGlobalIDString = 9D52E9CC204E7BAB00FBBFFD;
			remoteInfo = JSNativeDemo;
		};
/* End PBXContainerItemProxy section */

/* Begin PBXFileReference section */
		28B6FC14BF98001F769B62C2 /* Pods-JSNativeDemo.release.xcconfig */ = {isa = PBXFileReference; includeInIndex = 1; lastKnownFileType = text.xcconfig; name = "Pods-JSNativeDemo.release.xcconfig"; path = "Pods/Target Support Files/Pods-JSNativeDemo/Pods-JSNativeDemo.release.xcconfig"; sourceTree = "<group>"; };
		3712A86ADFB85186A62A0493 /* libPods-JSNativeDemo.a */ = {isa = PBXFileReference; explicitFileType = archive.ar; includeInIndex = 0; path = "libPods-JSNativeDemo.a"; sourceTree = BUILT_PRODUCTS_DIR; };
		9D52E9CD204E7BAB00FBBFFD /* JSNativeDemo.app */ = {isa = PBXFileReference; explicitFileType = wrapper.application; includeInIndex = 0; path = JSNativeDemo.app; sourceTree = BUILT_PRODUCTS_DIR; };
		9D52E9D0204E7BAB00FBBFFD /* AppDelegate.h */ = {isa = PBXFileReference; lastKnownFileType = sourcecode.c.h; path = AppDelegate.h; sourceTree = "<group>"; };
		9D52E9D1204E7BAB00FBBFFD /* AppDelegate.m */ = {isa = PBXFileReference; lastKnownFileType = sourcecode.c.objc; path = AppDelegate.m; sourceTree = "<group>"; };
		9D52E9D3204E7BAB00FBBFFD /* ViewController.h */ = {isa = PBXFileReference; lastKnownFileType = sourcecode.c.h; path = ViewController.h; sourceTree = "<group>"; };
		9D52E9D4204E7BAB00FBBFFD /* ViewController.m */ = {isa = PBXFileReference; lastKnownFileType = sourcecode.c.objc; path = ViewController.m; sourceTree = "<group>"; };
		9D52E9D7204E7BAC00FBBFFD /* Base */ = {isa = PBXFileReference; lastKnownFileType = file.storyboard; name = Base; path = Base.lproj/Main.storyboard; sourceTree = "<group>"; };
		9D52E9D9204E7BAC00FBBFFD /* Assets.xcassets */ = {isa = PBXFileReference; lastKnownFileType = folder.assetcatalog; path = Assets.xcassets; sourceTree = "<group>"; };
		9D52E9DC204E7BAC00FBBFFD /* Base */ = {isa = PBXFileReference; lastKnownFileType = file.storyboard; name = Base; path = Base.lproj/LaunchScreen.storyboard; sourceTree = "<group>"; };
		9D52E9DE204E7BAD00FBBFFD /* Info.plist */ = {isa = PBXFileReference; lastKnownFileType = text.plist.xml; path = Info.plist; sourceTree = "<group>"; };
		9D52E9DF204E7BAD00FBBFFD /* main.m */ = {isa = PBXFileReference; lastKnownFileType = sourcecode.c.objc; path = main.m; sourceTree = "<group>"; };
		9D52E9E5204E7BAD00FBBFFD /* JSNativeDemoTests.xctest */ = {isa = PBXFileReference; explicitFileType = wrapper.cfbundle; includeInIndex = 0; path = JSNativeDemoTests.xctest; sourceTree = BUILT_PRODUCTS_DIR; };
		9D52E9E9204E7BAD00FBBFFD /* JSNativeDemoTests.m */ = {isa = PBXFileReference; lastKnownFileType = sourcecode.c.objc; path = JSNativeDemoTests.m; sourceTree = "<group>"; };
		9D52E9EB204E7BAE00FBBFFD /* Info.plist */ = {isa = PBXFileReference; lastKnownFileType = text.plist.xml; path = Info.plist; sourceTree = "<group>"; };
		9D52E9F0204E7BAE00FBBFFD /* JSNativeDemoUITests.xctest */ = {isa = PBXFileReference; explicitFileType = wrapper.cfbundle; includeInIndex = 0; path = JSNativeDemoUITests.xctest; sourceTree = BUILT_PRODUCTS_DIR; };
		9D52E9F4204E7BAE00FBBFFD /* JSNativeDemoUITests.m */ = {isa = PBXFileReference; lastKnownFileType = sourcecode.c.objc; path = JSNativeDemoUITests.m; sourceTree = "<group>"; };
		9D52E9F6204E7BAE00FBBFFD /* Info.plist */ = {isa = PBXFileReference; lastKnownFileType = text.plist.xml; path = Info.plist; sourceTree = "<group>"; };
		9D52EA04204E927400FBBFFD /* index.js */ = {isa = PBXFileReference; fileEncoding = 4; lastKnownFileType = sourcecode.javascript; path = index.js; sourceTree = "<group>"; };
		9D52EA06204E982D00FBBFFD /* Person.h */ = {isa = PBXFileReference; lastKnownFileType = sourcecode.c.h; path = Person.h; sourceTree = "<group>"; };
		9D52EA07204E982D00FBBFFD /* Person.m */ = {isa = PBXFileReference; lastKnownFileType = sourcecode.c.objc; path = Person.m; sourceTree = "<group>"; };
		9D52EA0A204E98D500FBBFFD /* PersonJsExport.h */ = {isa = PBXFileReference; lastKnownFileType = sourcecode.c.h; path = PersonJsExport.h; sourceTree = "<group>"; };
		9D52EA0C204E9CA400FBBFFD /* UILableJSExport.h */ = {isa = PBXFileReference; lastKnownFileType = sourcecode.c.h; path = UILableJSExport.h; sourceTree = "<group>"; };
		9D52EA0E204EA7A900FBBFFD /* NativeCallJSModule.m */ = {isa = PBXFileReference; fileEncoding = 4; lastKnownFileType = sourcecode.c.objc; path = NativeCallJSModule.m; sourceTree = "<group>"; };
		9D52EA0F204EA7A900FBBFFD /* JSCallNativeModule.h */ = {isa = PBXFileReference; fileEncoding = 4; lastKnownFileType = sourcecode.c.h; path = JSCallNativeModule.h; sourceTree = "<group>"; };
		9D52EA10204EA7A900FBBFFD /* NativeCallJSModule.h */ = {isa = PBXFileReference; fileEncoding = 4; lastKnownFileType = sourcecode.c.h; path = NativeCallJSModule.h; sourceTree = "<group>"; };
		9D52EA11204EA7A900FBBFFD /* JSCallNativeModule.m */ = {isa = PBXFileReference; fileEncoding = 4; lastKnownFileType = sourcecode.c.objc; path = JSCallNativeModule.m; sourceTree = "<group>"; };
		A9045B4DD8F155D824E76380 /* Pods-JSNativeDemo.debug.xcconfig */ = {isa = PBXFileReference; includeInIndex = 1; lastKnownFileType = text.xcconfig; name = "Pods-JSNativeDemo.debug.xcconfig"; path = "Pods/Target Support Files/Pods-JSNativeDemo/Pods-JSNativeDemo.debug.xcconfig"; sourceTree = "<group>"; };
/* End PBXFileReference section */

/* Begin PBXFrameworksBuildPhase section */
		9D52E9CA204E7BAB00FBBFFD /* Frameworks */ = {
			isa = PBXFrameworksBuildPhase;
			buildActionMask = 2147483647;
			files = (
				659DC90D625B7BEBD8467C17 /* libPods-JSNativeDemo.a in Frameworks */,
			);
			runOnlyForDeploymentPostprocessing = 0;
		};
		9D52E9E2204E7BAD00FBBFFD /* Frameworks */ = {
			isa = PBXFrameworksBuildPhase;
			buildActionMask = 2147483647;
			files = (
			);
			runOnlyForDeploymentPostprocessing = 0;
		};
		9D52E9ED204E7BAE00FBBFFD /* Frameworks */ = {
			isa = PBXFrameworksBuildPhase;
			buildActionMask = 2147483647;
			files = (
			);
			runOnlyForDeploymentPostprocessing = 0;
		};
/* End PBXFrameworksBuildPhase section */

/* Begin PBXGroup section */
		6D8E5A0F603B87457D9B0652 /* Frameworks */ = {
			isa = PBXGroup;
			children = (
				3712A86ADFB85186A62A0493 /* libPods-JSNativeDemo.a */,
			);
			name = Frameworks;
			sourceTree = "<group>";
		};
		9619CFC0F07A1F7A7E91E7B8 /* Pods */ = {
			isa = PBXGroup;
			children = (
				A9045B4DD8F155D824E76380 /* Pods-JSNativeDemo.debug.xcconfig */,
				28B6FC14BF98001F769B62C2 /* Pods-JSNativeDemo.release.xcconfig */,
			);
			name = Pods;
			sourceTree = "<group>";
		};
		9D52E9C4204E7BAB00FBBFFD = {
			isa = PBXGroup;
			children = (
				9D52E9CF204E7BAB00FBBFFD /* JSNativeDemo */,
				9D52E9E8204E7BAD00FBBFFD /* JSNativeDemoTests */,
				9D52E9F3204E7BAE00FBBFFD /* JSNativeDemoUITests */,
				9D52E9CE204E7BAB00FBBFFD /* Products */,
				9619CFC0F07A1F7A7E91E7B8 /* Pods */,
				6D8E5A0F603B87457D9B0652 /* Frameworks */,
			);
			sourceTree = "<group>";
		};
		9D52E9CE204E7BAB00FBBFFD /* Products */ = {
			isa = PBXGroup;
			children = (
				9D52E9CD204E7BAB00FBBFFD /* JSNativeDemo.app */,
				9D52E9E5204E7BAD00FBBFFD /* JSNativeDemoTests.xctest */,
				9D52E9F0204E7BAE00FBBFFD /* JSNativeDemoUITests.xctest */,
			);
			name = Products;
			sourceTree = "<group>";
		};
		9D52E9CF204E7BAB00FBBFFD /* JSNativeDemo */ = {
			isa = PBXGroup;
			children = (
				9D52EA04204E927400FBBFFD /* index.js */,
				9D52E9D0204E7BAB00FBBFFD /* AppDelegate.h */,
				9D52E9D1204E7BAB00FBBFFD /* AppDelegate.m */,
				9D52E9D3204E7BAB00FBBFFD /* ViewController.h */,
				9D52E9D4204E7BAB00FBBFFD /* ViewController.m */,
				9D52E9D6204E7BAC00FBBFFD /* Main.storyboard */,
				9D52E9D9204E7BAC00FBBFFD /* Assets.xcassets */,
				9D52E9DB204E7BAC00FBBFFD /* LaunchScreen.storyboard */,
				9D52E9DE204E7BAD00FBBFFD /* Info.plist */,
				9D52E9DF204E7BAD00FBBFFD /* main.m */,
				9D52EA0D204EA71600FBBFFD /* React */,
				9D52EA0B204E9C8B00FBBFFD /* SystemClass */,
				9D52EA09204E983200FBBFFD /* CustomClass */,
			);
			path = JSNativeDemo;
			sourceTree = "<group>";
		};
		9D52E9E8204E7BAD00FBBFFD /* JSNativeDemoTests */ = {
			isa = PBXGroup;
			children = (
				9D52E9E9204E7BAD00FBBFFD /* JSNativeDemoTests.m */,
				9D52E9EB204E7BAE00FBBFFD /* Info.plist */,
			);
			path = JSNativeDemoTests;
			sourceTree = "<group>";
		};
		9D52E9F3204E7BAE00FBBFFD /* JSNativeDemoUITests */ = {
			isa = PBXGroup;
			children = (
				9D52E9F4204E7BAE00FBBFFD /* JSNativeDemoUITests.m */,
				9D52E9F6204E7BAE00FBBFFD /* Info.plist */,
			);
			path = JSNativeDemoUITests;
			sourceTree = "<group>";
		};
		9D52EA09204E983200FBBFFD /* CustomClass */ = {
			isa = PBXGroup;
			children = (
				9D52EA06204E982D00FBBFFD /* Person.h */,
				9D52EA07204E982D00FBBFFD /* Person.m */,
				9D52EA0A204E98D500FBBFFD /* PersonJsExport.h */,
			);
			path = CustomClass;
			sourceTree = "<group>";
		};
		9D52EA0B204E9C8B00FBBFFD /* SystemClass */ = {
			isa = PBXGroup;
			children = (
				9D52EA0C204E9CA400FBBFFD /* UILableJSExport.h */,
			);
			path = SystemClass;
			sourceTree = "<group>";
		};
		9D52EA0D204EA71600FBBFFD /* React */ = {
			isa = PBXGroup;
			children = (
				9D52EA0F204EA7A900FBBFFD /* JSCallNativeModule.h */,
				9D52EA11204EA7A900FBBFFD /* JSCallNativeModule.m */,
				9D52EA10204EA7A900FBBFFD /* NativeCallJSModule.h */,
				9D52EA0E204EA7A900FBBFFD /* NativeCallJSModule.m */,
			);
			path = React;
			sourceTree = "<group>";
		};
/* End PBXGroup section */

/* Begin PBXNativeTarget section */
		9D52E9CC204E7BAB00FBBFFD /* JSNativeDemo */ = {
			isa = PBXNativeTarget;
			buildConfigurationList = 9D52E9F9204E7BAE00FBBFFD /* Build configuration list for PBXNativeTarget "JSNativeDemo" */;
			buildPhases = (
				8C764E996AD5FFF28C974627 /* [CP] Check Pods Manifest.lock */,
				9D52E9C9204E7BAB00FBBFFD /* Sources */,
				9D52E9CA204E7BAB00FBBFFD /* Frameworks */,
				9D52E9CB204E7BAB00FBBFFD /* Resources */,
				803323F045CDC595E5D30B4E /* [CP] Embed Pods Frameworks */,
				61DEFB3B9A783BFFA89AF933 /* [CP] Copy Pods Resources */,
			);
			buildRules = (
			);
			dependencies = (
			);
			name = JSNativeDemo;
			productName = JSNativeDemo;
			productReference = 9D52E9CD204E7BAB00FBBFFD /* JSNativeDemo.app */;
			productType = "com.apple.product-type.application";
		};
		9D52E9E4204E7BAD00FBBFFD /* JSNativeDemoTests */ = {
			isa = PBXNativeTarget;
			buildConfigurationList = 9D52E9FC204E7BAE00FBBFFD /* Build configuration list for PBXNativeTarget "JSNativeDemoTests" */;
			buildPhases = (
				9D52E9E1204E7BAD00FBBFFD /* Sources */,
				9D52E9E2204E7BAD00FBBFFD /* Frameworks */,
				9D52E9E3204E7BAD00FBBFFD /* Resources */,
			);
			buildRules = (
			);
			dependencies = (
				9D52E9E7204E7BAD00FBBFFD /* PBXTargetDependency */,
			);
			name = JSNativeDemoTests;
			productName = JSNativeDemoTests;
			productReference = 9D52E9E5204E7BAD00FBBFFD /* JSNativeDemoTests.xctest */;
			productType = "com.apple.product-type.bundle.unit-test";
		};
		9D52E9EF204E7BAE00FBBFFD /* JSNativeDemoUITests */ = {
			isa = PBXNativeTarget;
			buildConfigurationList = 9D52E9FF204E7BAE00FBBFFD /* Build configuration list for PBXNativeTarget "JSNativeDemoUITests" */;
			buildPhases = (
				9D52E9EC204E7BAE00FBBFFD /* Sources */,
				9D52E9ED204E7BAE00FBBFFD /* Frameworks */,
				9D52E9EE204E7BAE00FBBFFD /* Resources */,
			);
			buildRules = (
			);
			dependencies = (
				9D52E9F2204E7BAE00FBBFFD /* PBXTargetDependency */,
			);
			name = JSNativeDemoUITests;
			productName = JSNativeDemoUITests;
			productReference = 9D52E9F0204E7BAE00FBBFFD /* JSNativeDemoUITests.xctest */;
			productType = "com.apple.product-type.bundle.ui-testing";
		};
/* End PBXNativeTarget section */

/* Begin PBXProject section */
		9D52E9C5204E7BAB00FBBFFD /* Project object */ = {
			isa = PBXProject;
			attributes = {
				LastUpgradeCheck = 0920;
				ORGANIZATIONNAME = zhz;
				TargetAttributes = {
					9D52E9CC204E7BAB00FBBFFD = {
						CreatedOnToolsVersion = 9.2;
						ProvisioningStyle = Automatic;
					};
					9D52E9E4204E7BAD00FBBFFD = {
						CreatedOnToolsVersion = 9.2;
						ProvisioningStyle = Automatic;
						TestTargetID = 9D52E9CC204E7BAB00FBBFFD;
					};
					9D52E9EF204E7BAE00FBBFFD = {
						CreatedOnToolsVersion = 9.2;
						ProvisioningStyle = Automatic;
						TestTargetID = 9D52E9CC204E7BAB00FBBFFD;
					};
				};
			};
			buildConfigurationList = 9D52E9C8204E7BAB00FBBFFD /* Build configuration list for PBXProject "JSNativeDemo" */;
			compatibilityVersion = "Xcode 8.0";
			developmentRegion = en;
			hasScannedForEncodings = 0;
			knownRegions = (
				en,
				Base,
			);
			mainGroup = 9D52E9C4204E7BAB00FBBFFD;
			productRefGroup = 9D52E9CE204E7BAB00FBBFFD /* Products */;
			projectDirPath = "";
			projectRoot = "";
			targets = (
				9D52E9CC204E7BAB00FBBFFD /* JSNativeDemo */,
				9D52E9E4204E7BAD00FBBFFD /* JSNativeDemoTests */,
				9D52E9EF204E7BAE00FBBFFD /* JSNativeDemoUITests */,
			);
		};
/* End PBXProject section */

/* Begin PBXResourcesBuildPhase section */
		9D52E9CB204E7BAB00FBBFFD /* Resources */ = {
			isa = PBXResourcesBuildPhase;
			buildActionMask = 2147483647;
			files = (
				9D52E9DD204E7BAC00FBBFFD /* LaunchScreen.storyboard in Resources */,
				9D52E9DA204E7BAC00FBBFFD /* Assets.xcassets in Resources */,
				9D52E9D8204E7BAC00FBBFFD /* Main.storyboard in Resources */,
				9D52EA05204E927400FBBFFD /* index.js in Resources */,
			);
			runOnlyForDeploymentPostprocessing = 0;
		};
		9D52E9E3204E7BAD00FBBFFD /* Resources */ = {
			isa = PBXResourcesBuildPhase;
			buildActionMask = 2147483647;
			files = (
			);
			runOnlyForDeploymentPostprocessing = 0;
		};
		9D52E9EE204E7BAE00FBBFFD /* Resources */ = {
			isa = PBXResourcesBuildPhase;
			buildActionMask = 2147483647;
			files = (
			);
			runOnlyForDeploymentPostprocessing = 0;
		};
/* End PBXResourcesBuildPhase section */

/* Begin PBXShellScriptBuildPhase section */
		61DEFB3B9A783BFFA89AF933 /* [CP] Copy Pods Resources */ = {
			isa = PBXShellScriptBuildPhase;
			buildActionMask = 2147483647;
			files = (
			);
			inputPaths = (
			);
			name = "[CP] Copy Pods Resources";
			outputPaths = (
			);
			runOnlyForDeploymentPostprocessing = 0;
			shellPath = /bin/sh;
			shellScript = "\"${SRCROOT}/Pods/Target Support Files/Pods-JSNativeDemo/Pods-JSNativeDemo-resources.sh\"\n";
			showEnvVarsInLog = 0;
		};
		803323F045CDC595E5D30B4E /* [CP] Embed Pods Frameworks */ = {
			isa = PBXShellScriptBuildPhase;
			buildActionMask = 2147483647;
			files = (
			);
			inputPaths = (
			);
			name = "[CP] Embed Pods Frameworks";
			outputPaths = (
			);
			runOnlyForDeploymentPostprocessing = 0;
			shellPath = /bin/sh;
			shellScript = "\"${SRCROOT}/Pods/Target Support Files/Pods-JSNativeDemo/Pods-JSNativeDemo-frameworks.sh\"\n";
			showEnvVarsInLog = 0;
		};
		8C764E996AD5FFF28C974627 /* [CP] Check Pods Manifest.lock */ = {
			isa = PBXShellScriptBuildPhase;
			buildActionMask = 2147483647;
			files = (
			);
			inputPaths = (
				"${PODS_PODFILE_DIR_PATH}/Podfile.lock",
				"${PODS_ROOT}/Manifest.lock",
			);
			name = "[CP] Check Pods Manifest.lock";
			outputPaths = (
				"$(DERIVED_FILE_DIR)/Pods-JSNativeDemo-checkManifestLockResult.txt",
			);
			runOnlyForDeploymentPostprocessing = 0;
			shellPath = /bin/sh;
			shellScript = "diff \"${PODS_PODFILE_DIR_PATH}/Podfile.lock\" \"${PODS_ROOT}/Manifest.lock\" > /dev/null\nif [ $? != 0 ] ; then\n    # print error to STDERR\n    echo \"error: The sandbox is not in sync with the Podfile.lock. Run 'pod install' or update your CocoaPods installation.\" >&2\n    exit 1\nfi\n# This output is used by Xcode 'outputs' to avoid re-running this script phase.\necho \"SUCCESS\" > \"${SCRIPT_OUTPUT_FILE_0}\"\n";
			showEnvVarsInLog = 0;
		};
/* End PBXShellScriptBuildPhase section */

/* Begin PBXSourcesBuildPhase section */
		9D52E9C9204E7BAB00FBBFFD /* Sources */ = {
			isa = PBXSourcesBuildPhase;
			buildActionMask = 2147483647;
			files = (
				9D52E9D5204E7BAB00FBBFFD /* ViewController.m in Sources */,
				9D52E9E0204E7BAD00FBBFFD /* main.m in Sources */,
				9D52EA12204EA7A900FBBFFD /* NativeCallJSModule.m in Sources */,
				9D52EA13204EA7A900FBBFFD /* JSCallNativeModule.m in Sources */,
				9D52EA08204E982D00FBBFFD /* Person.m in Sources */,
				9D52E9D2204E7BAB00FBBFFD /* AppDelegate.m in Sources */,
			);
			runOnlyForDeploymentPostprocessing = 0;
		};
		9D52E9E1204E7BAD00FBBFFD /* Sources */ = {
			isa = PBXSourcesBuildPhase;
			buildActionMask = 2147483647;
			files = (
				9D52E9EA204E7BAD00FBBFFD /* JSNativeDemoTests.m in Sources */,
			);
			runOnlyForDeploymentPostprocessing = 0;
		};
		9D52E9EC204E7BAE00FBBFFD /* Sources */ = {
			isa = PBXSourcesBuildPhase;
			buildActionMask = 2147483647;
			files = (
				9D52E9F5204E7BAE00FBBFFD /* JSNativeDemoUITests.m in Sources */,
			);
			runOnlyForDeploymentPostprocessing = 0;
		};
/* End PBXSourcesBuildPhase section */

/* Begin PBXTargetDependency section */
		9D52E9E7204E7BAD00FBBFFD /* PBXTargetDependency */ = {
			isa = PBXTargetDependency;
			target = 9D52E9CC204E7BAB00FBBFFD /* JSNativeDemo */;
			targetProxy = 9D52E9E6204E7BAD00FBBFFD /* PBXContainerItemProxy */;
		};
		9D52E9F2204E7BAE00FBBFFD /* PBXTargetDependency */ = {
			isa = PBXTargetDependency;
			target = 9D52E9CC204E7BAB00FBBFFD /* JSNativeDemo */;
			targetProxy = 9D52E9F1204E7BAE00FBBFFD /* PBXContainerItemProxy */;
		};
/* End PBXTargetDependency section */

/* Begin PBXVariantGroup section */
		9D52E9D6204E7BAC00FBBFFD /* Main.storyboard */ = {
			isa = PBXVariantGroup;
			children = (
				9D52E9D7204E7BAC00FBBFFD /* Base */,
			);
			name = Main.storyboard;
			sourceTree = "<group>";
		};
		9D52E9DB204E7BAC00FBBFFD /* LaunchScreen.storyboard */ = {
			isa = PBXVariantGroup;
			children = (
				9D52E9DC204E7BAC00FBBFFD /* Base */,
			);
			name = LaunchScreen.storyboard;
			sourceTree = "<group>";
		};
/* End PBXVariantGroup section */

/* Begin XCBuildConfiguration section */
		9D52E9F7204E7BAE00FBBFFD /* Debug */ = {
			isa = XCBuildConfiguration;
			buildSettings = {
				ALWAYS_SEARCH_USER_PATHS = NO;
				CLANG_ANALYZER_NONNULL = YES;
				CLANG_ANALYZER_NUMBER_OBJECT_CONVERSION = YES_AGGRESSIVE;
				CLANG_CXX_LANGUAGE_STANDARD = "gnu++14";
				CLANG_CXX_LIBRARY = "libc++";
				CLANG_ENABLE_MODULES = YES;
				CLANG_ENABLE_OBJC_ARC = YES;
				CLANG_WARN_BLOCK_CAPTURE_AUTORELEASING = YES;
				CLANG_WARN_BOOL_CONVERSION = YES;
				CLANG_WARN_COMMA = YES;
				CLANG_WARN_CONSTANT_CONVERSION = YES;
				CLANG_WARN_DIRECT_OBJC_ISA_USAGE = YES_ERROR;
				CLANG_WARN_DOCUMENTATION_COMMENTS = YES;
				CLANG_WARN_EMPTY_BODY = YES;
				CLANG_WARN_ENUM_CONVERSION = YES;
				CLANG_WARN_INFINITE_RECURSION = YES;
				CLANG_WARN_INT_CONVERSION = YES;
				CLANG_WARN_NON_LITERAL_NULL_CONVERSION = YES;
				CLANG_WARN_OBJC_LITERAL_CONVERSION = YES;
				CLANG_WARN_OBJC_ROOT_CLASS = YES_ERROR;
				CLANG_WARN_RANGE_LOOP_ANALYSIS = YES;
				CLANG_WARN_STRICT_PROTOTYPES = YES;
				CLANG_WARN_SUSPICIOUS_MOVE = YES;
				CLANG_WARN_UNGUARDED_AVAILABILITY = YES_AGGRESSIVE;
				CLANG_WARN_UNREACHABLE_CODE = YES;
				CLANG_WARN__DUPLICATE_METHOD_MATCH = YES;
				CODE_SIGN_IDENTITY = "iPhone Developer";
				COPY_PHASE_STRIP = NO;
				DEBUG_INFORMATION_FORMAT = dwarf;
				ENABLE_STRICT_OBJC_MSGSEND = YES;
				ENABLE_TESTABILITY = YES;
				GCC_C_LANGUAGE_STANDARD = gnu11;
				GCC_DYNAMIC_NO_PIC = NO;
				GCC_NO_COMMON_BLOCKS = YES;
				GCC_OPTIMIZATION_LEVEL = 0;
				GCC_PREPROCESSOR_DEFINITIONS = (
					"DEBUG=1",
					"$(inherited)",
				);
				GCC_WARN_64_TO_32_BIT_CONVERSION = YES;
				GCC_WARN_ABOUT_RETURN_TYPE = YES_ERROR;
				GCC_WARN_UNDECLARED_SELECTOR = YES;
				GCC_WARN_UNINITIALIZED_AUTOS = YES_AGGRESSIVE;
				GCC_WARN_UNUSED_FUNCTION = YES;
				GCC_WARN_UNUSED_VARIABLE = YES;
				IPHONEOS_DEPLOYMENT_TARGET = 11.2;
				MTL_ENABLE_DEBUG_INFO = YES;
				ONLY_ACTIVE_ARCH = YES;
				SDKROOT = iphoneos;
			};
			name = Debug;
		};
		9D52E9F8204E7BAE00FBBFFD /* Release */ = {
			isa = XCBuildConfiguration;
			buildSettings = {
				ALWAYS_SEARCH_USER_PATHS = NO;
				CLANG_ANALYZER_NONNULL = YES;
				CLANG_ANALYZER_NUMBER_OBJECT_CONVERSION = YES_AGGRESSIVE;
				CLANG_CXX_LANGUAGE_STANDARD = "gnu++14";
				CLANG_CXX_LIBRARY = "libc++";
				CLANG_ENABLE_MODULES = YES;
				CLANG_ENABLE_OBJC_ARC = YES;
				CLANG_WARN_BLOCK_CAPTURE_AUTORELEASING = YES;
				CLANG_WARN_BOOL_CONVERSION = YES;
				CLANG_WARN_COMMA = YES;
				CLANG_WARN_CONSTANT_CONVERSION = YES;
				CLANG_WARN_DIRECT_OBJC_ISA_USAGE = YES_ERROR;
				CLANG_WARN_DOCUMENTATION_COMMENTS = YES;
				CLANG_WARN_EMPTY_BODY = YES;
				CLANG_WARN_ENUM_CONVERSION = YES;
				CLANG_WARN_INFINITE_RECURSION = YES;
				CLANG_WARN_INT_CONVERSION = YES;
				CLANG_WARN_NON_LITERAL_NULL_CONVERSION = YES;
				CLANG_WARN_OBJC_LITERAL_CONVERSION = YES;
				CLANG_WARN_OBJC_ROOT_CLASS = YES_ERROR;
				CLANG_WARN_RANGE_LOOP_ANALYSIS = YES;
				CLANG_WARN_STRICT_PROTOTYPES = YES;
				CLANG_WARN_SUSPICIOUS_MOVE = YES;
				CLANG_WARN_UNGUARDED_AVAILABILITY = YES_AGGRESSIVE;
				CLANG_WARN_UNREACHABLE_CODE = YES;
				CLANG_WARN__DUPLICATE_METHOD_MATCH = YES;
				CODE_SIGN_IDENTITY = "iPhone Developer";
				COPY_PHASE_STRIP = NO;
				DEBUG_INFORMATION_FORMAT = "dwarf-with-dsym";
				ENABLE_NS_ASSERTIONS = NO;
				ENABLE_STRICT_OBJC_MSGSEND = YES;
				GCC_C_LANGUAGE_STANDARD = gnu11;
				GCC_NO_COMMON_BLOCKS = YES;
				GCC_WARN_64_TO_32_BIT_CONVERSION = YES;
				GCC_WARN_ABOUT_RETURN_TYPE = YES_ERROR;
				GCC_WARN_UNDECLARED_SELECTOR = YES;
				GCC_WARN_UNINITIALIZED_AUTOS = YES_AGGRESSIVE;
				GCC_WARN_UNUSED_FUNCTION = YES;
				GCC_WARN_UNUSED_VARIABLE = YES;
				IPHONEOS_DEPLOYMENT_TARGET = 11.2;
				MTL_ENABLE_DEBUG_INFO = NO;
				SDKROOT = iphoneos;
				VALIDATE_PRODUCT = YES;
			};
			name = Release;
		};
		9D52E9FA204E7BAE00FBBFFD /* Debug */ = {
			isa = XCBuildConfiguration;
			baseConfigurationReference = A9045B4DD8F155D824E76380 /* Pods-JSNativeDemo.debug.xcconfig */;
			buildSettings = {
				ASSETCATALOG_COMPILER_APPICON_NAME = AppIcon;
				CODE_SIGN_STYLE = Automatic;
				DEVELOPMENT_TEAM = A3D99DT85D;
				INFOPLIST_FILE = JSNativeDemo/Info.plist;
				IPHONEOS_DEPLOYMENT_TARGET = 9.0;
				LD_RUNPATH_SEARCH_PATHS = "$(inherited) @executable_path/Frameworks";
				PRODUCT_BUNDLE_IDENTIFIER = com.huashi.JSNativeDemo;
				PRODUCT_NAME = "$(TARGET_NAME)";
				TARGETED_DEVICE_FAMILY = "1,2";
			};
			name = Debug;
		};
		9D52E9FB204E7BAE00FBBFFD /* Release */ = {
			isa = XCBuildConfiguration;
			baseConfigurationReference = 28B6FC14BF98001F769B62C2 /* Pods-JSNativeDemo.release.xcconfig */;
			buildSettings = {
				ASSETCATALOG_COMPILER_APPICON_NAME = AppIcon;
				CODE_SIGN_STYLE = Automatic;
				DEVELOPMENT_TEAM = A3D99DT85D;
				INFOPLIST_FILE = JSNativeDemo/Info.plist;
				IPHONEOS_DEPLOYMENT_TARGET = 9.0;
				LD_RUNPATH_SEARCH_PATHS = "$(inherited) @executable_path/Frameworks";
				PRODUCT_BUNDLE_IDENTIFIER = com.huashi.JSNativeDemo;
				PRODUCT_NAME = "$(TARGET_NAME)";
				TARGETED_DEVICE_FAMILY = "1,2";
			};
			name = Release;
		};
		9D52E9FD204E7BAE00FBBFFD /* Debug */ = {
			isa = XCBuildConfiguration;
			buildSettings = {
				BUNDLE_LOADER = "$(TEST_HOST)";
				CODE_SIGN_STYLE = Automatic;
				DEVELOPMENT_TEAM = A3D99DT85D;
				INFOPLIST_FILE = JSNativeDemoTests/Info.plist;
				LD_RUNPATH_SEARCH_PATHS = "$(inherited) @executable_path/Frameworks @loader_path/Frameworks";
				PRODUCT_BUNDLE_IDENTIFIER = com.huashi.JSNativeDemoTests;
				PRODUCT_NAME = "$(TARGET_NAME)";
				TARGETED_DEVICE_FAMILY = "1,2";
				TEST_HOST = "$(BUILT_PRODUCTS_DIR)/JSNativeDemo.app/JSNativeDemo";
			};
			name = Debug;
		};
		9D52E9FE204E7BAE00FBBFFD /* Release */ = {
			isa = XCBuildConfiguration;
			buildSettings = {
				BUNDLE_LOADER = "$(TEST_HOST)";
				CODE_SIGN_STYLE = Automatic;
				DEVELOPMENT_TEAM = A3D99DT85D;
				INFOPLIST_FILE = JSNativeDemoTests/Info.plist;
				LD_RUNPATH_SEARCH_PATHS = "$(inherited) @executable_path/Frameworks @loader_path/Frameworks";
				PRODUCT_BUNDLE_IDENTIFIER = com.huashi.JSNativeDemoTests;
				PRODUCT_NAME = "$(TARGET_NAME)";
				TARGETED_DEVICE_FAMILY = "1,2";
				TEST_HOST = "$(BUILT_PRODUCTS_DIR)/JSNativeDemo.app/JSNativeDemo";
			};
			name = Release;
		};
		9D52EA00204E7BAE00FBBFFD /* Debug */ = {
			isa = XCBuildConfiguration;
			buildSettings = {
				CODE_SIGN_STYLE = Automatic;
				DEVELOPMENT_TEAM = A3D99DT85D;
				INFOPLIST_FILE = JSNativeDemoUITests/Info.plist;
				LD_RUNPATH_SEARCH_PATHS = "$(inherited) @executable_path/Frameworks @loader_path/Frameworks";
				PRODUCT_BUNDLE_IDENTIFIER = com.huashi.JSNativeDemoUITests;
				PRODUCT_NAME = "$(TARGET_NAME)";
				TARGETED_DEVICE_FAMILY = "1,2";
				TEST_TARGET_NAME = JSNativeDemo;
			};
			name = Debug;
		};
		9D52EA01204E7BAE00FBBFFD /* Release */ = {
			isa = XCBuildConfiguration;
			buildSettings = {
				CODE_SIGN_STYLE = Automatic;
				DEVELOPMENT_TEAM = A3D99DT85D;
				INFOPLIST_FILE = JSNativeDemoUITests/Info.plist;
				LD_RUNPATH_SEARCH_PATHS = "$(inherited) @executable_path/Frameworks @loader_path/Frameworks";
				PRODUCT_BUNDLE_IDENTIFIER = com.huashi.JSNativeDemoUITests;
				PRODUCT_NAME = "$(TARGET_NAME)";
				TARGETED_DEVICE_FAMILY = "1,2";
				TEST_TARGET_NAME = JSNativeDemo;
			};
			name = Release;
		};
/* End XCBuildConfiguration section */

/* Begin XCConfigurationList section */
		9D52E9C8204E7BAB00FBBFFD /* Build configuration list for PBXProject "JSNativeDemo" */ = {
			isa = XCConfigurationList;
			buildConfigurations = (
				9D52E9F7204E7BAE00FBBFFD /* Debug */,
				9D52E9F8204E7BAE00FBBFFD /* Release */,
			);
			defaultConfigurationIsVisible = 0;
			defaultConfigurationName = Release;
		};
		9D52E9F9204E7BAE00FBBFFD /* Build configuration list for PBXNativeTarget "JSNativeDemo" */ = {
			isa = XCConfigurationList;
			buildConfigurations = (
				9D52E9FA204E7BAE00FBBFFD /* Debug */,
				9D52E9FB204E7BAE00FBBFFD /* Release */,
			);
			defaultConfigurationIsVisible = 0;
			defaultConfigurationName = Release;
		};
		9D52E9FC204E7BAE00FBBFFD /* Build configuration list for PBXNativeTarget "JSNativeDemoTests" */ = {
			isa = XCConfigurationList;
			buildConfigurations = (
				9D52E9FD204E7BAE00FBBFFD /* Debug */,
				9D52E9FE204E7BAE00FBBFFD /* Release */,
			);
			defaultConfigurationIsVisible = 0;
			defaultConfigurationName = Release;
		};
		9D52E9FF204E7BAE00FBBFFD /* Build configuration list for PBXNativeTarget "JSNativeDemoUITests" */ = {
			isa = XCConfigurationList;
			buildConfigurations = (
				9D52EA00204E7BAE00FBBFFD /* Debug */,
				9D52EA01204E7BAE00FBBFFD /* Release */,
			);
			defaultConfigurationIsVisible = 0;
			defaultConfigurationName = Release;
		};
/* End XCConfigurationList section */
	};
	rootObject = 9D52E9C5204E7BAB00FBBFFD /* Project object */;
}
